// !$*UTF8*$!
{
	archiveVersion = 1;
	classes = {
	};
	objectVersion = 48;
	objects = {

/* Begin PBXBuildFile section */
		58D194B72030040B0028DA5C /* AppDelegate.swift in Sources */ = {isa = PBXBuildFile; fileRef = 58D194B62030040B0028DA5C /* AppDelegate.swift */; };
		58D194B92030040B0028DA5C /* ViewController.swift in Sources */ = {isa = PBXBuildFile; fileRef = 58D194B82030040B0028DA5C /* ViewController.swift */; };
		58D194BC2030040B0028DA5C /* Main.storyboard in Resources */ = {isa = PBXBuildFile; fileRef = 58D194BA2030040B0028DA5C /* Main.storyboard */; };
		58D194BF2030040B0028DA5C /* MyRecipes.xcdatamodeld in Sources */ = {isa = PBXBuildFile; fileRef = 58D194BD2030040B0028DA5C /* MyRecipes.xcdatamodeld */; };
		58D194C12030040B0028DA5C /* Assets.xcassets in Resources */ = {isa = PBXBuildFile; fileRef = 58D194C02030040B0028DA5C /* Assets.xcassets */; };
		58D194C42030040B0028DA5C /* LaunchScreen.storyboard in Resources */ = {isa = PBXBuildFile; fileRef = 58D194C22030040B0028DA5C /* LaunchScreen.storyboard */; };
		58D194CF2030040B0028DA5C /* MyRecipesTests.swift in Sources */ = {isa = PBXBuildFile; fileRef = 58D194CE2030040B0028DA5C /* MyRecipesTests.swift */; };
		58D194DA2030040B0028DA5C /* MyRecipesUITests.swift in Sources */ = {isa = PBXBuildFile; fileRef = 58D194D92030040B0028DA5C /* MyRecipesUITests.swift */; };
/* End PBXBuildFile section */

/* Begin PBXContainerItemProxy section */
		58D194CB2030040B0028DA5C /* PBXContainerItemProxy */ = {
			isa = PBXContainerItemProxy;
			containerPortal = 58D194AB2030040B0028DA5C /* Project object */;
			proxyType = 1;
			remoteGlobalIDString = 58D194B22030040B0028DA5C;
			remoteInfo = MyRecipes;
		};
		58D194D62030040B0028DA5C /* PBXContainerItemProxy */ = {
			isa = PBXContainerItemProxy;
			containerPortal = 58D194AB2030040B0028DA5C /* Project object */;
			proxyType = 1;
			remoteGlobalIDString = 58D194B22030040B0028DA5C;
			remoteInfo = MyRecipes;
		};
/* End PBXContainerItemProxy section */

/* Begin PBXFileReference section */
		58D194B32030040B0028DA5C /* MyRecipes.app */ = {isa = PBXFileReference; explicitFileType = wrapper.application; includeInIndex = 0; path = MyRecipes.app; sourceTree = BUILT_PRODUCTS_DIR; };
		58D194B62030040B0028DA5C /* AppDelegate.swift */ = {isa = PBXFileReference; lastKnownFileType = sourcecode.swift; path = AppDelegate.swift; sourceTree = "<group>"; };
		58D194B82030040B0028DA5C /* ViewController.swift */ = {isa = PBXFileReference; lastKnownFileType = sourcecode.swift; path = ViewController.swift; sourceTree = "<group>"; };
		58D194BB2030040B0028DA5C /* Base */ = {isa = PBXFileReference; lastKnownFileType = file.storyboard; name = Base; path = Base.lproj/Main.storyboard; sourceTree = "<group>"; };
		58D194BE2030040B0028DA5C /* MyRecipes.xcdatamodel */ = {isa = PBXFileReference; lastKnownFileType = wrapper.xcdatamodel; path = MyRecipes.xcdatamodel; sourceTree = "<group>"; };
		58D194C02030040B0028DA5C /* Assets.xcassets */ = {isa = PBXFileReference; lastKnownFileType = folder.assetcatalog; path = Assets.xcassets; sourceTree = "<group>"; };
		58D194C32030040B0028DA5C /* Base */ = {isa = PBXFileReference; lastKnownFileType = file.storyboard; name = Base; path = Base.lproj/LaunchScreen.storyboard; sourceTree = "<group>"; };
		58D194C52030040B0028DA5C /* Info.plist */ = {isa = PBXFileReference; lastKnownFileType = text.plist.xml; path = Info.plist; sourceTree = "<group>"; };
		58D194CA2030040B0028DA5C /* MyRecipesTests.xctest */ = {isa = PBXFileReference; explicitFileType = wrapper.cfbundle; includeInIndex = 0; path = MyRecipesTests.xctest; sourceTree = BUILT_PRODUCTS_DIR; };
		58D194CE2030040B0028DA5C /* MyRecipesTests.swift */ = {isa = PBXFileReference; lastKnownFileType = sourcecode.swift; path = MyRecipesTests.swift; sourceTree = "<group>"; };
		58D194D02030040B0028DA5C /* Info.plist */ = {isa = PBXFileReference; lastKnownFileType = text.plist.xml; path = Info.plist; sourceTree = "<group>"; };
		58D194D52030040B0028DA5C /* MyRecipesUITests.xctest */ = {isa = PBXFileReference; explicitFileType = wrapper.cfbundle; includeInIndex = 0; path = MyRecipesUITests.xctest; sourceTree = BUILT_PRODUCTS_DIR; };
		58D194D92030040B0028DA5C /* MyRecipesUITests.swift */ = {isa = PBXFileReference; lastKnownFileType = sourcecode.swift; path = MyRecipesUITests.swift; sourceTree = "<group>"; };
		58D194DB2030040B0028DA5C /* Info.plist */ = {isa = PBXFileReference; lastKnownFileType = text.plist.xml; path = Info.plist; sourceTree = "<group>"; };
/* End PBXFileReference section */

/* Begin PBXFrameworksBuildPhase section */
		58D194B02030040B0028DA5C /* Frameworks */ = {
			isa = PBXFrameworksBuildPhase;
			buildActionMask = 2147483647;
			files = (
			);
			runOnlyForDeploymentPostprocessing = 0;
		};
		58D194C72030040B0028DA5C /* Frameworks */ = {
			isa = PBXFrameworksBuildPhase;
			buildActionMask = 2147483647;
			files = (
			);
			runOnlyForDeploymentPostprocessing = 0;
		};
		58D194D22030040B0028DA5C /* Frameworks */ = {
			isa = PBXFrameworksBuildPhase;
			buildActionMask = 2147483647;
			files = (
			);
			runOnlyForDeploymentPostprocessing = 0;
		};
/* End PBXFrameworksBuildPhase section */

/* Begin PBXGroup section */
		58D194AA2030040B0028DA5C = {
			isa = PBXGroup;
			children = (
				58D194B52030040B0028DA5C /* MyRecipes */,
				58D194CD2030040B0028DA5C /* MyRecipesTests */,
				58D194D82030040B0028DA5C /* MyRecipesUITests */,
				58D194B42030040B0028DA5C /* Products */,
			);
			sourceTree = "<group>";
		};
		58D194B42030040B0028DA5C /* Products */ = {
			isa = PBXGroup;
			children = (
				58D194B32030040B0028DA5C /* MyRecipes.app */,
				58D194CA2030040B0028DA5C /* MyRecipesTests.xctest */,
				58D194D52030040B0028DA5C /* MyRecipesUITests.xctest */,
			);
			name = Products;
			sourceTree = "<group>";
		};
		58D194B52030040B0028DA5C /* MyRecipes */ = {
			isa = PBXGroup;
			children = (
				58D194B62030040B0028DA5C /* AppDelegate.swift */,
				58D194B82030040B0028DA5C /* ViewController.swift */,
				58D194BA2030040B0028DA5C /* Main.storyboard */,
				58D194C02030040B0028DA5C /* Assets.xcassets */,
				58D194C22030040B0028DA5C /* LaunchScreen.storyboard */,
				58D194C52030040B0028DA5C /* Info.plist */,
				58D194BD2030040B0028DA5C /* MyRecipes.xcdatamodeld */,
			);
			path = MyRecipes;
			sourceTree = "<group>";
		};
		58D194CD2030040B0028DA5C /* MyRecipesTests */ = {
			isa = PBXGroup;
			children = (
				58D194CE2030040B0028DA5C /* MyRecipesTests.swift */,
				58D194D02030040B0028DA5C /* Info.plist */,
			);
			path = MyRecipesTests;
			sourceTree = "<group>";
		};
		58D194D82030040B0028DA5C /* MyRecipesUITests */ = {
			isa = PBXGroup;
			children = (
				58D194D92030040B0028DA5C /* MyRecipesUITests.swift */,
				58D194DB2030040B0028DA5C /* Info.plist */,
			);
			path = MyRecipesUITests;
			sourceTree = "<group>";
		};
/* End PBXGroup section */

/* Begin PBXNativeTarget section */
		58D194B22030040B0028DA5C /* MyRecipes */ = {
			isa = PBXNativeTarget;
			buildConfigurationList = 58D194DE2030040B0028DA5C /* Build configuration list for PBXNativeTarget "MyRecipes" */;
			buildPhases = (
				58D194AF2030040B0028DA5C /* Sources */,
				58D194B02030040B0028DA5C /* Frameworks */,
				58D194B12030040B0028DA5C /* Resources */,
			);
			buildRules = (
			);
			dependencies = (
			);
			name = MyRecipes;
			productName = MyRecipes;
			productReference = 58D194B32030040B0028DA5C /* MyRecipes.app */;
			productType = "com.apple.product-type.application";
		};
		58D194C92030040B0028DA5C /* MyRecipesTests */ = {
			isa = PBXNativeTarget;
			buildConfigurationList = 58D194E12030040B0028DA5C /* Build configuration list for PBXNativeTarget "MyRecipesTests" */;
			buildPhases = (
				58D194C62030040B0028DA5C /* Sources */,
				58D194C72030040B0028DA5C /* Frameworks */,
				58D194C82030040B0028DA5C /* Resources */,
			);
			buildRules = (
			);
			dependencies = (
				58D194CC2030040B0028DA5C /* PBXTargetDependency */,
			);
			name = MyRecipesTests;
			productName = MyRecipesTests;
			productReference = 58D194CA2030040B0028DA5C /* MyRecipesTests.xctest */;
			productType = "com.apple.product-type.bundle.unit-test";
		};
		58D194D42030040B0028DA5C /* MyRecipesUITests */ = {
			isa = PBXNativeTarget;
			buildConfigurationList = 58D194E42030040B0028DA5C /* Build configuration list for PBXNativeTarget "MyRecipesUITests" */;
			buildPhases = (
				58D194D12030040B0028DA5C /* Sources */,
				58D194D22030040B0028DA5C /* Frameworks */,
				58D194D32030040B0028DA5C /* Resources */,
			);
			buildRules = (
			);
			dependencies = (
				58D194D72030040B0028DA5C /* PBXTargetDependency */,
			);
			name = MyRecipesUITests;
			productName = MyRecipesUITests;
			productReference = 58D194D52030040B0028DA5C /* MyRecipesUITests.xctest */;
			productType = "com.apple.product-type.bundle.ui-testing";
		};
/* End PBXNativeTarget section */

/* Begin PBXProject section */
		58D194AB2030040B0028DA5C /* Project object */ = {
			isa = PBXProject;
			attributes = {
				LastSwiftUpdateCheck = 0920;
				LastUpgradeCheck = 0920;
				ORGANIZATIONNAME = "Sara Ahmad";
				TargetAttributes = {
					58D194B22030040B0028DA5C = {
						CreatedOnToolsVersion = 9.2;
						ProvisioningStyle = Automatic;
					};
					58D194C92030040B0028DA5C = {
						CreatedOnToolsVersion = 9.2;
						ProvisioningStyle = Automatic;
						TestTargetID = 58D194B22030040B0028DA5C;
					};
					58D194D42030040B0028DA5C = {
						CreatedOnToolsVersion = 9.2;
						ProvisioningStyle = Automatic;
						TestTargetID = 58D194B22030040B0028DA5C;
					};
				};
			};
			buildConfigurationList = 58D194AE2030040B0028DA5C /* Build configuration list for PBXProject "MyRecipes" */;
			compatibilityVersion = "Xcode 8.0";
			developmentRegion = en;
			hasScannedForEncodings = 0;
			knownRegions = (
				en,
				Base,
			);
			mainGroup = 58D194AA2030040B0028DA5C;
			productRefGroup = 58D194B42030040B0028DA5C /* Products */;
			projectDirPath = "";
			projectRoot = "";
			targets = (
				58D194B22030040B0028DA5C /* MyRecipes */,
				58D194C92030040B0028DA5C /* MyRecipesTests */,
				58D194D42030040B0028DA5C /* MyRecipesUITests */,
			);
		};
/* End PBXProject section */

/* Begin PBXResourcesBuildPhase section */
		58D194B12030040B0028DA5C /* Resources */ = {
			isa = PBXResourcesBuildPhase;
			buildActionMask = 2147483647;
			files = (
				58D194C42030040B0028DA5C /* LaunchScreen.storyboard in Resources */,
				58D194C12030040B0028DA5C /* Assets.xcassets in Resources */,
				58D194BC2030040B0028DA5C /* Main.storyboard in Resources */,
			);
			runOnlyForDeploymentPostprocessing = 0;
		};
		58D194C82030040B0028DA5C /* Resources */ = {
			isa = PBXResourcesBuildPhase;
			buildActionMask = 2147483647;
			files = (
			);
			runOnlyForDeploymentPostprocessing = 0;
		};
		58D194D32030040B0028DA5C /* Resources */ = {
			isa = PBXResourcesBuildPhase;
			buildActionMask = 2147483647;
			files = (
			);
			runOnlyForDeploymentPostprocessing = 0;
		};
/* End PBXResourcesBuildPhase section */

/* Begin PBXSourcesBuildPhase section */
		58D194AF2030040B0028DA5C /* Sources */ = {
			isa = PBXSourcesBuildPhase;
			buildActionMask = 2147483647;
			files = (
				58D194BF2030040B0028DA5C /* MyRecipes.xcdatamodeld in Sources */,
				58D194B92030040B0028DA5C /* ViewController.swift in Sources */,
				58D194B72030040B0028DA5C /* AppDelegate.swift in Sources */,
			);
			runOnlyForDeploymentPostprocessing = 0;
		};
		58D194C62030040B0028DA5C /* Sources */ = {
			isa = PBXSourcesBuildPhase;
			buildActionMask = 2147483647;
			files = (
				58D194CF2030040B0028DA5C /* MyRecipesTests.swift in Sources */,
			);
			runOnlyForDeploymentPostprocessing = 0;
		};
		58D194D12030040B0028DA5C /* Sources */ = {
			isa = PBXSourcesBuildPhase;
			buildActionMask = 2147483647;
			files = (
				58D194DA2030040B0028DA5C /* MyRecipesUITests.swift in Sources */,
			);
			runOnlyForDeploymentPostprocessing = 0;
		};
/* End PBXSourcesBuildPhase section */

/* Begin PBXTargetDependency section */
		58D194CC2030040B0028DA5C /* PBXTargetDependency */ = {
			isa = PBXTargetDependency;
			target = 58D194B22030040B0028DA5C /* MyRecipes */;
			targetProxy = 58D194CB2030040B0028DA5C /* PBXContainerItemProxy */;
		};
		58D194D72030040B0028DA5C /* PBXTargetDependency */ = {
			isa = PBXTargetDependency;
			target = 58D194B22030040B0028DA5C /* MyRecipes */;
			targetProxy = 58D194D62030040B0028DA5C /* PBXContainerItemProxy */;
		};
/* End PBXTargetDependency section */

/* Begin PBXVariantGroup section */
		58D194BA2030040B0028DA5C /* Main.storyboard */ = {
			isa = PBXVariantGroup;
			children = (
				58D194BB2030040B0028DA5C /* Base */,
			);
			name = Main.storyboard;
			sourceTree = "<group>";
		};
		58D194C22030040B0028DA5C /* LaunchScreen.storyboard */ = {
			isa = PBXVariantGroup;
			children = (
				58D194C32030040B0028DA5C /* Base */,
			);
			name = LaunchScreen.storyboard;
			sourceTree = "<group>";
		};
/* End PBXVariantGroup section */

/* Begin XCBuildConfiguration section */
		58D194DC2030040B0028DA5C /* Debug */ = {
			isa = XCBuildConfiguration;
			buildSettings = {
				ALWAYS_SEARCH_USER_PATHS = NO;
				CLANG_ANALYZER_NONNULL = YES;
				CLANG_ANALYZER_NUMBER_OBJECT_CONVERSION = YES_AGGRESSIVE;
				CLANG_CXX_LANGUAGE_STANDARD = "gnu++14";
				CLANG_CXX_LIBRARY = "libc++";
				CLANG_ENABLE_MODULES = YES;
				CLANG_ENABLE_OBJC_ARC = YES;
				CLANG_WARN_BLOCK_CAPTURE_AUTORELEASING = YES;
				CLANG_WARN_BOOL_CONVERSION = YES;
				CLANG_WARN_COMMA = YES;
				CLANG_WARN_CONSTANT_CONVERSION = YES;
				CLANG_WARN_DIRECT_OBJC_ISA_USAGE = YES_ERROR;
				CLANG_WARN_DOCUMENTATION_COMMENTS = YES;
				CLANG_WARN_EMPTY_BODY = YES;
				CLANG_WARN_ENUM_CONVERSION = YES;
				CLANG_WARN_INFINITE_RECURSION = YES;
				CLANG_WARN_INT_CONVERSION = YES;
				CLANG_WARN_NON_LITERAL_NULL_CONVERSION = YES;
				CLANG_WARN_OBJC_LITERAL_CONVERSION = YES;
				CLANG_WARN_OBJC_ROOT_CLASS = YES_ERROR;
				CLANG_WARN_RANGE_LOOP_ANALYSIS = YES;
				CLANG_WARN_STRICT_PROTOTYPES = YES;
				CLANG_WARN_SUSPICIOUS_MOVE = YES;
				CLANG_WARN_UNGUARDED_AVAILABILITY = YES_AGGRESSIVE;
				CLANG_WARN_UNREACHABLE_CODE = YES;
				CLANG_WARN__DUPLICATE_METHOD_MATCH = YES;
				CODE_SIGN_IDENTITY = "iPhone Developer";
				COPY_PHASE_STRIP = NO;
				DEBUG_INFORMATION_FORMAT = dwarf;
				ENABLE_STRICT_OBJC_MSGSEND = YES;
				ENABLE_TESTABILITY = YES;
				GCC_C_LANGUAGE_STANDARD = gnu11;
				GCC_DYNAMIC_NO_PIC = NO;
				GCC_NO_COMMON_BLOCKS = YES;
				GCC_OPTIMIZATION_LEVEL = 0;
				GCC_PREPROCESSOR_DEFINITIONS = (
					"DEBUG=1",
					"$(inherited)",
				);
				GCC_WARN_64_TO_32_BIT_CONVERSION = YES;
				GCC_WARN_ABOUT_RETURN_TYPE = YES_ERROR;
				GCC_WARN_UNDECLARED_SELECTOR = YES;
				GCC_WARN_UNINITIALIZED_AUTOS = YES_AGGRESSIVE;
				GCC_WARN_UNUSED_FUNCTION = YES;
				GCC_WARN_UNUSED_VARIABLE = YES;
				IPHONEOS_DEPLOYMENT_TARGET = 11.2;
				MTL_ENABLE_DEBUG_INFO = YES;
				ONLY_ACTIVE_ARCH = YES;
				SDKROOT = iphoneos;
				SWIFT_ACTIVE_COMPILATION_CONDITIONS = DEBUG;
				SWIFT_OPTIMIZATION_LEVEL = "-Onone";
			};
			name = Debug;
		};
		58D194DD2030040B0028DA5C /* Release */ = {
			isa = XCBuildConfiguration;
			buildSettings = {
				ALWAYS_SEARCH_USER_PATHS = NO;
				CLANG_ANALYZER_NONNULL = YES;
				CLANG_ANALYZER_NUMBER_OBJECT_CONVERSION = YES_AGGRESSIVE;
				CLANG_CXX_LANGUAGE_STANDARD = "gnu++14";
				CLANG_CXX_LIBRARY = "libc++";
				CLANG_ENABLE_MODULES = YES;
				CLANG_ENABLE_OBJC_ARC = YES;
				CLANG_WARN_BLOCK_CAPTURE_AUTORELEASING = YES;
				CLANG_WARN_BOOL_CONVERSION = YES;
				CLANG_WARN_COMMA = YES;
				CLANG_WARN_CONSTANT_CONVERSION = YES;
				CLANG_WARN_DIRECT_OBJC_ISA_USAGE = YES_ERROR;
				CLANG_WARN_DOCUMENTATION_COMMENTS = YES;
				CLANG_WARN_EMPTY_BODY = YES;
				CLANG_WARN_ENUM_CONVERSION = YES;
				CLANG_WARN_INFINITE_RECURSION = YES;
				CLANG_WARN_INT_CONVERSION = YES;
				CLANG_WARN_NON_LITERAL_NULL_CONVERSION = YES;
				CLANG_WARN_OBJC_LITERAL_CONVERSION = YES;
				CLANG_WARN_OBJC_ROOT_CLASS = YES_ERROR;
				CLANG_WARN_RANGE_LOOP_ANALYSIS = YES;
				CLANG_WARN_STRICT_PROTOTYPES = YES;
				CLANG_WARN_SUSPICIOUS_MOVE = YES;
				CLANG_WARN_UNGUARDED_AVAILABILITY = YES_AGGRESSIVE;
				CLANG_WARN_UNREACHABLE_CODE = YES;
				CLANG_WARN__DUPLICATE_METHOD_MATCH = YES;
				CODE_SIGN_IDENTITY = "iPhone Developer";
				COPY_PHASE_STRIP = NO;
				DEBUG_INFORMATION_FORMAT = "dwarf-with-dsym";
				ENABLE_NS_ASSERTIONS = NO;
				ENABLE_STRICT_OBJC_MSGSEND = YES;
				GCC_C_LANGUAGE_STANDARD = gnu11;
				GCC_NO_COMMON_BLOCKS = YES;
				GCC_WARN_64_TO_32_BIT_CONVERSION = YES;
				GCC_WARN_ABOUT_RETURN_TYPE = YES_ERROR;
				GCC_WARN_UNDECLARED_SELECTOR = YES;
				GCC_WARN_UNINITIALIZED_AUTOS = YES_AGGRESSIVE;
				GCC_WARN_UNUSED_FUNCTION = YES;
				GCC_WARN_UNUSED_VARIABLE = YES;
				IPHONEOS_DEPLOYMENT_TARGET = 11.2;
				MTL_ENABLE_DEBUG_INFO = NO;
				SDKROOT = iphoneos;
				SWIFT_OPTIMIZATION_LEVEL = "-Owholemodule";
				VALIDATE_PRODUCT = YES;
			};
			name = Release;
		};
		58D194DF2030040B0028DA5C /* Debug */ = {
			isa = XCBuildConfiguration;
			buildSettings = {
				ASSETCATALOG_COMPILER_APPICON_NAME = AppIcon;
				CODE_SIGN_STYLE = Automatic;
				INFOPLIST_FILE = MyRecipes/Info.plist;
				LD_RUNPATH_SEARCH_PATHS = "$(inherited) @executable_path/Frameworks";
				PRODUCT_BUNDLE_IDENTIFIER = com.first.MyRecipes;
				PRODUCT_NAME = "$(TARGET_NAME)";
				SWIFT_VERSION = 4.0;
				TARGETED_DEVICE_FAMILY = "1,2";
			};
			name = Debug;
		};
		58D194E02030040B0028DA5C /* Release */ = {
			isa = XCBuildConfiguration;
			buildSettings = {
				ASSETCATALOG_COMPILER_APPICON_NAME = AppIcon;
				CODE_SIGN_STYLE = Automatic;
				INFOPLIST_FILE = MyRecipes/Info.plist;
				LD_RUNPATH_SEARCH_PATHS = "$(inherited) @executable_path/Frameworks";
				PRODUCT_BUNDLE_IDENTIFIER = com.first.MyRecipes;
				PRODUCT_NAME = "$(TARGET_NAME)";
				SWIFT_VERSION = 4.0;
				TARGETED_DEVICE_FAMILY = "1,2";
			};
			name = Release;
		};
		58D194E22030040B0028DA5C /* Debug */ = {
			isa = XCBuildConfiguration;
			buildSettings = {
				ALWAYS_EMBED_SWIFT_STANDARD_LIBRARIES = YES;
				BUNDLE_LOADER = "$(TEST_HOST)";
				CODE_SIGN_STYLE = Automatic;
				INFOPLIST_FILE = MyRecipesTests/Info.plist;
				LD_RUNPATH_SEARCH_PATHS = "$(inherited) @executable_path/Frameworks @loader_path/Frameworks";
				PRODUCT_BUNDLE_IDENTIFIER = com.first.MyRecipesTests;
				PRODUCT_NAME = "$(TARGET_NAME)";
				SWIFT_VERSION = 4.0;
				TARGETED_DEVICE_FAMILY = "1,2";
				TEST_HOST = "$(BUILT_PRODUCTS_DIR)/MyRecipes.app/MyRecipes";
			};
			name = Debug;
		};
		58D194E32030040B0028DA5C /* Release */ = {
			isa = XCBuildConfiguration;
			buildSettings = {
				ALWAYS_EMBED_SWIFT_STANDARD_LIBRARIES = YES;
				BUNDLE_LOADER = "$(TEST_HOST)";
				CODE_SIGN_STYLE = Automatic;
				INFOPLIST_FILE = MyRecipesTests/Info.plist;
				LD_RUNPATH_SEARCH_PATHS = "$(inherited) @executable_path/Frameworks @loader_path/Frameworks";
				PRODUCT_BUNDLE_IDENTIFIER = com.first.MyRecipesTests;
				PRODUCT_NAME = "$(TARGET_NAME)";
				SWIFT_VERSION = 4.0;
				TARGETED_DEVICE_FAMILY = "1,2";
				TEST_HOST = "$(BUILT_PRODUCTS_DIR)/MyRecipes.app/MyRecipes";
			};
			name = Release;
		};
		58D194E52030040B0028DA5C /* Debug */ = {
			isa = XCBuildConfiguration;
			buildSettings = {
				ALWAYS_EMBED_SWIFT_STANDARD_LIBRARIES = YES;
				CODE_SIGN_STYLE = Automatic;
				INFOPLIST_FILE = MyRecipesUITests/Info.plist;
				LD_RUNPATH_SEARCH_PATHS = "$(inherited) @executable_path/Frameworks @loader_path/Frameworks";
				PRODUCT_BUNDLE_IDENTIFIER = com.first.MyRecipesUITests;
				PRODUCT_NAME = "$(TARGET_NAME)";
				SWIFT_VERSION = 4.0;
				TARGETED_DEVICE_FAMILY = "1,2";
				TEST_TARGET_NAME = MyRecipes;
			};
			name = Debug;
		};
		58D194E62030040B0028DA5C /* Release */ = {
			isa = XCBuildConfiguration;
			buildSettings = {
				ALWAYS_EMBED_SWIFT_STANDARD_LIBRARIES = YES;
				CODE_SIGN_STYLE = Automatic;
				INFOPLIST_FILE = MyRecipesUITests/Info.plist;
				LD_RUNPATH_SEARCH_PATHS = "$(inherited) @executable_path/Frameworks @loader_path/Frameworks";
				PRODUCT_BUNDLE_IDENTIFIER = com.first.MyRecipesUITests;
				PRODUCT_NAME = "$(TARGET_NAME)";
				SWIFT_VERSION = 4.0;
				TARGETED_DEVICE_FAMILY = "1,2";
				TEST_TARGET_NAME = MyRecipes;
			};
			name = Release;
		};
/* End XCBuildConfiguration section */

/* Begin XCConfigurationList section */
		58D194AE2030040B0028DA5C /* Build configuration list for PBXProject "MyRecipes" */ = {
			isa = XCConfigurationList;
			buildConfigurations = (
				58D194DC2030040B0028DA5C /* Debug */,
				58D194DD2030040B0028DA5C /* Release */,
			);
			defaultConfigurationIsVisible = 0;
			defaultConfigurationName = Release;
		};
		58D194DE2030040B0028DA5C /* Build configuration list for PBXNativeTarget "MyRecipes" */ = {
			isa = XCConfigurationList;
			buildConfigurations = (
				58D194DF2030040B0028DA5C /* Debug */,
				58D194E02030040B0028DA5C /* Release */,
			);
			defaultConfigurationIsVisible = 0;
			defaultConfigurationName = Release;
		};
		58D194E12030040B0028DA5C /* Build configuration list for PBXNativeTarget "MyRecipesTests" */ = {
			isa = XCConfigurationList;
			buildConfigurations = (
				58D194E22030040B0028DA5C /* Debug */,
				58D194E32030040B0028DA5C /* Release */,
			);
			defaultConfigurationIsVisible = 0;
			defaultConfigurationName = Release;
		};
		58D194E42030040B0028DA5C /* Build configuration list for PBXNativeTarget "MyRecipesUITests" */ = {
			isa = XCConfigurationList;
			buildConfigurations = (
				58D194E52030040B0028DA5C /* Debug */,
				58D194E62030040B0028DA5C /* Release */,
			);
			defaultConfigurationIsVisible = 0;
			defaultConfigurationName = Release;
		};
/* End XCConfigurationList section */

/* Begin XCVersionGroup section */
		58D194BD2030040B0028DA5C /* MyRecipes.xcdatamodeld */ = {
			isa = XCVersionGroup;
			children = (
				58D194BE2030040B0028DA5C /* MyRecipes.xcdatamodel */,
			);
			currentVersion = 58D194BE2030040B0028DA5C /* MyRecipes.xcdatamodel */;
			path = MyRecipes.xcdatamodeld;
			sourceTree = "<group>";
			versionGroupType = wrapper.xcdatamodel;
		};
/* End XCVersionGroup section */
	};
	rootObject = 58D194AB2030040B0028DA5C /* Project object */;
}
